
Microsoft Visual Studio Solution File, Format Version 12.00
# Visual Studio Version 17
VisualStudioVersion = 17.6.33829.357
MinimumVisualStudioVersion = 10.0.40219.1
Project("{FAE04EC0-301F-11D3-BF4B-00C04F79EFBC}") = "EF1", "EF1\EF1.csproj", "{C9A3B479-B1A6-4080-859C-55749B05BE73}"
EndProject
Project("{FAE04EC0-301F-11D3-BF4B-00C04F79EFBC}") = "EF.logic", "EF.logic\EF.logic.csproj", "{1B2DC1A1-A87E-4370-8684-271B8684CC32}"
EndProject
Project("{FAE04EC0-301F-11D3-BF4B-00C04F79EFBC}") = "EF.Data1", "EF.Data1\EF.Data1.csproj", "{52395D88-EF73-4668-8C05-5FE8E536A1C7}"
EndProject
Project("{FAE04EC0-301F-11D3-BF4B-00C04F79EFBC}") = "EF.Entities1", "EF.Entities1\EF.Entities1.csproj", "{1539381A-A3AB-437E-B836-6FF7BF2FC6C6}"
EndProject
Global
	GlobalSection(SolutionConfigurationPlatforms) = preSolution
		Debug|Any CPU = Debug|Any CPU
		Release|Any CPU = Release|Any CPU
	EndGlobalSection
	GlobalSection(ProjectConfigurationPlatforms) = postSolution
		{C9A3B479-B1A6-4080-859C-55749B05BE73}.Debug|Any CPU.ActiveCfg = Debug|Any CPU
		{C9A3B479-B1A6-4080-859C-55749B05BE73}.Debug|Any CPU.Build.0 = Debug|Any CPU
		{C9A3B479-B1A6-4080-859C-55749B05BE73}.Release|Any CPU.ActiveCfg = Release|Any CPU
		{C9A3B479-B1A6-4080-859C-55749B05BE73}.Release|Any CPU.Build.0 = Release|Any CPU
		{1B2DC1A1-A87E-4370-8684-271B8684CC32}.Debug|Any CPU.ActiveCfg = Debug|Any CPU
		{1B2DC1A1-A87E-4370-8684-271B8684CC32}.Debug|Any CPU.Build.0 = Debug|Any CPU
		{1B2DC1A1-A87E-4370-8684-271B8684CC32}.Release|Any CPU.ActiveCfg = Release|Any CPU
		{1B2DC1A1-A87E-4370-8684-271B8684CC32}.Release|Any CPU.Build.0 = Release|Any CPU
		{52395D88-EF73-4668-8C05-5FE8E536A1C7}.Debug|Any CPU.ActiveCfg = Debug|Any CPU
		{52395D88-EF73-4668-8C05-5FE8E536A1C7}.Debug|Any CPU.Build.0 = Debug|Any CPU
		{52395D88-EF73-4668-8C05-5FE8E536A1C7}.Release|Any CPU.ActiveCfg = Release|Any CPU
		{52395D88-EF73-4668-8C05-5FE8E536A1C7}.Release|Any CPU.Build.0 = Release|Any CPU
		{1539381A-A3AB-437E-B836-6FF7BF2FC6C6}.Debug|Any CPU.ActiveCfg = Debug|Any CPU
		{1539381A-A3AB-437E-B836-6FF7BF2FC6C6}.Debug|Any CPU.Build.0 = Debug|Any CPU
		{1539381A-A3AB-437E-B836-6FF7BF2FC6C6}.Release|Any CPU.ActiveCfg = Release|Any CPU
		{1539381A-A3AB-437E-B836-6FF7BF2FC6C6}.Release|Any CPU.Build.0 = Release|Any CPU
	EndGlobalSection
	GlobalSection(SolutionProperties) = preSolution
		HideSolutionNode = FALSE
	EndGlobalSection
	GlobalSection(ExtensibilityGlobals) = postSolution
		SolutionGuid = {7930E229-9FCE-42BF-A76C-2380A9723373}
	EndGlobalSection
EndGlobal
