
Microsoft Visual Studio Solution File, Format Version 12.00
# Visual Studio Version 17
VisualStudioVersion = 17.6.33829.357
MinimumVisualStudioVersion = 10.0.40219.1
Project("{FAE04EC0-301F-11D3-BF4B-00C04F79EFBC}") = "Practica3", "Practica3\Practica3.csproj", "{1FD1C68A-4E9B-4159-B7C1-CCBF193CDE6A}"
EndProject
Project("{FAE04EC0-301F-11D3-BF4B-00C04F79EFBC}") = "Practica3.Logic", "Practica3.Logic\Practica3.Logic.csproj", "{40BFE87E-67B1-412E-B5C1-7790BF1B570F}"
EndProject
Project("{FAE04EC0-301F-11D3-BF4B-00C04F79EFBC}") = "Practica3.Data", "Practica3.Data\Practica3.Data.csproj", "{B1312453-E2A1-4B73-AC25-1247DC27A3E2}"
EndProject
Project("{FAE04EC0-301F-11D3-BF4B-00C04F79EFBC}") = "Practica3.Entities", "Practica3.Entities\Practica3.Entities.csproj", "{BF903D8C-5F0E-436C-B210-734FB3ED9CDB}"
EndProject
Project("{FAE04EC0-301F-11D3-BF4B-00C04F79EFBC}") = "Practica3.LogicTests", "Practica3.LogicTests\Practica3.LogicTests.csproj", "{1729EF05-832D-4DB2-A9F8-A6C0AF2D148C}"
EndProject
Project("{FAE04EC0-301F-11D3-BF4B-00C04F79EFBC}") = "Practica3.MVC", "Practica3.MVC\Practica3.MVC.csproj", "{CFC26975-137F-4BB1-B849-F06A9AB51383}"
EndProject
Project("{FAE04EC0-301F-11D3-BF4B-00C04F79EFBC}") = "Practica3.API", "Practica3.API\Practica3.API.csproj", "{61E6EE11-4D0D-4C08-8184-572138A14A9F}"
EndProject
Global
	GlobalSection(SolutionConfigurationPlatforms) = preSolution
		Debug|Any CPU = Debug|Any CPU
		Release|Any CPU = Release|Any CPU
	EndGlobalSection
	GlobalSection(ProjectConfigurationPlatforms) = postSolution
		{1FD1C68A-4E9B-4159-B7C1-CCBF193CDE6A}.Debug|Any CPU.ActiveCfg = Debug|Any CPU
		{1FD1C68A-4E9B-4159-B7C1-CCBF193CDE6A}.Debug|Any CPU.Build.0 = Debug|Any CPU
		{1FD1C68A-4E9B-4159-B7C1-CCBF193CDE6A}.Release|Any CPU.ActiveCfg = Release|Any CPU
		{1FD1C68A-4E9B-4159-B7C1-CCBF193CDE6A}.Release|Any CPU.Build.0 = Release|Any CPU
		{40BFE87E-67B1-412E-B5C1-7790BF1B570F}.Debug|Any CPU.ActiveCfg = Debug|Any CPU
		{40BFE87E-67B1-412E-B5C1-7790BF1B570F}.Debug|Any CPU.Build.0 = Debug|Any CPU
		{40BFE87E-67B1-412E-B5C1-7790BF1B570F}.Release|Any CPU.ActiveCfg = Release|Any CPU
		{40BFE87E-67B1-412E-B5C1-7790BF1B570F}.Release|Any CPU.Build.0 = Release|Any CPU
		{B1312453-E2A1-4B73-AC25-1247DC27A3E2}.Debug|Any CPU.ActiveCfg = Debug|Any CPU
		{B1312453-E2A1-4B73-AC25-1247DC27A3E2}.Debug|Any CPU.Build.0 = Debug|Any CPU
		{B1312453-E2A1-4B73-AC25-1247DC27A3E2}.Release|Any CPU.ActiveCfg = Release|Any CPU
		{B1312453-E2A1-4B73-AC25-1247DC27A3E2}.Release|Any CPU.Build.0 = Release|Any CPU
		{BF903D8C-5F0E-436C-B210-734FB3ED9CDB}.Debug|Any CPU.ActiveCfg = Debug|Any CPU
		{BF903D8C-5F0E-436C-B210-734FB3ED9CDB}.Debug|Any CPU.Build.0 = Debug|Any CPU
		{BF903D8C-5F0E-436C-B210-734FB3ED9CDB}.Release|Any CPU.ActiveCfg = Release|Any CPU
		{BF903D8C-5F0E-436C-B210-734FB3ED9CDB}.Release|Any CPU.Build.0 = Release|Any CPU
		{1729EF05-832D-4DB2-A9F8-A6C0AF2D148C}.Debug|Any CPU.ActiveCfg = Debug|Any CPU
		{1729EF05-832D-4DB2-A9F8-A6C0AF2D148C}.Debug|Any CPU.Build.0 = Debug|Any CPU
		{1729EF05-832D-4DB2-A9F8-A6C0AF2D148C}.Release|Any CPU.ActiveCfg = Release|Any CPU
		{1729EF05-832D-4DB2-A9F8-A6C0AF2D148C}.Release|Any CPU.Build.0 = Release|Any CPU
		{CFC26975-137F-4BB1-B849-F06A9AB51383}.Debug|Any CPU.ActiveCfg = Debug|Any CPU
		{CFC26975-137F-4BB1-B849-F06A9AB51383}.Debug|Any CPU.Build.0 = Debug|Any CPU
		{CFC26975-137F-4BB1-B849-F06A9AB51383}.Release|Any CPU.ActiveCfg = Release|Any CPU
		{CFC26975-137F-4BB1-B849-F06A9AB51383}.Release|Any CPU.Build.0 = Release|Any CPU
		{61E6EE11-4D0D-4C08-8184-572138A14A9F}.Debug|Any CPU.ActiveCfg = Debug|Any CPU
		{61E6EE11-4D0D-4C08-8184-572138A14A9F}.Debug|Any CPU.Build.0 = Debug|Any CPU
		{61E6EE11-4D0D-4C08-8184-572138A14A9F}.Release|Any CPU.ActiveCfg = Release|Any CPU
		{61E6EE11-4D0D-4C08-8184-572138A14A9F}.Release|Any CPU.Build.0 = Release|Any CPU
	EndGlobalSection
	GlobalSection(SolutionProperties) = preSolution
		HideSolutionNode = FALSE
	EndGlobalSection
	GlobalSection(ExtensibilityGlobals) = postSolution
		SolutionGuid = {CA672B48-7C14-446C-8417-912E373E3C1E}
	EndGlobalSection
EndGlobal
